
Microsoft Visual Studio Solution File, Format Version 12.00
# Visual Studio Version 16
VisualStudioVersion = 16.0.29509.3
MinimumVisualStudioVersion = 10.0.40219.1
Project("{FAE04EC0-301F-11D3-BF4B-00C04F79EFBC}") = "STK_Sample_UI_Plugin", "STK_UI_Plugin\STK_Sample_UI_Plugin.csproj", "{14FE476D-0D44-493A-883C-437390534E3D}"
EndProject
Global
	GlobalSection(SolutionConfigurationPlatforms) = preSolution
		Debug|Any CPU = Debug|Any CPU
		Release|Any CPU = Release|Any CPU
	EndGlobalSection
	GlobalSection(ProjectConfigurationPlatforms) = postSolution
		{14FE476D-0D44-493A-883C-437390534E3D}.Debug|Any CPU.ActiveCfg = Debug|Any CPU
		{14FE476D-0D44-493A-883C-437390534E3D}.Debug|Any CPU.Build.0 = Debug|Any CPU
		{14FE476D-0D44-493A-883C-437390534E3D}.Release|Any CPU.ActiveCfg = Release|Any CPU
		{14FE476D-0D44-493A-883C-437390534E3D}.Release|Any CPU.Build.0 = Release|Any CPU
	EndGlobalSection
	GlobalSection(SolutionProperties) = preSolution
		HideSolutionNode = FALSE
	EndGlobalSection
	GlobalSection(ExtensibilityGlobals) = postSolution
		SolutionGuid = {17AF0BC9-3249-4020-A8D0-4F0F015A9B41}
	EndGlobalSection
EndGlobal
